
Microsoft Visual Studio Solution File, Format Version 12.00
# Visual Studio 15
VisualStudioVersion = 15.0.26430.4
MinimumVisualStudioVersion = 10.0.40219.1
Project("{9A19103F-16F7-4668-BE54-9A1E7A4F7556}") = "Demo.AspNetCore.MaxConcurrentRequests", "Demo.AspNetCore.MaxConcurrentRequests\Demo.AspNetCore.MaxConcurrentRequests.csproj", "{F03D5AAC-4C02-45FA-BD0A-4E4299B3E764}"
EndProject
Project("{9A19103F-16F7-4668-BE54-9A1E7A4F7556}") = "Test.AspNetCore.MaxConcurrentRequests", "Test.AspNetCore.MaxConcurrentRequests\Test.AspNetCore.MaxConcurrentRequests.csproj", "{FE0B37F9-76CD-4E29-A50C-339EF33E6535}"
EndProject
Global
	GlobalSection(SolutionConfigurationPlatforms) = preSolution
		Debug|Any CPU = Debug|Any CPU
		Release|Any CPU = Release|Any CPU
	EndGlobalSection
	GlobalSection(ProjectConfigurationPlatforms) = postSolution
		{F03D5AAC-4C02-45FA-BD0A-4E4299B3E764}.Debug|Any CPU.ActiveCfg = Debug|Any CPU
		{F03D5AAC-4C02-45FA-BD0A-4E4299B3E764}.Debug|Any CPU.Build.0 = Debug|Any CPU
		{F03D5AAC-4C02-45FA-BD0A-4E4299B3E764}.Release|Any CPU.ActiveCfg = Release|Any CPU
		{F03D5AAC-4C02-45FA-BD0A-4E4299B3E764}.Release|Any CPU.Build.0 = Release|Any CPU
		{FE0B37F9-76CD-4E29-A50C-339EF33E6535}.Debug|Any CPU.ActiveCfg = Debug|Any CPU
		{FE0B37F9-76CD-4E29-A50C-339EF33E6535}.Debug|Any CPU.Build.0 = Debug|Any CPU
		{FE0B37F9-76CD-4E29-A50C-339EF33E6535}.Release|Any CPU.ActiveCfg = Release|Any CPU
		{FE0B37F9-76CD-4E29-A50C-339EF33E6535}.Release|Any CPU.Build.0 = Release|Any CPU
	EndGlobalSection
	GlobalSection(SolutionProperties) = preSolution
		HideSolutionNode = FALSE
	EndGlobalSection
EndGlobal
